{
  "name": "jwtapp",
  "version": "1.0.0",
  "lockfileVersion": 3,
  "requires": true,
  "packages": {
    "": {
      "name": "jwtapp",
      "version": "1.0.0",
      "license": "ISC",
      "dependencies": {
        "@fontsource/poppins": "^5.0.14",
        "express-async-handler": "^1.2.0"
      }
    },
    "node_modules/@fontsource/poppins": {
      "version": "5.0.14",
      "resolved": "https://registry.npmjs.org/@fontsource/poppins/-/poppins-5.0.14.tgz",
      "integrity": "sha512-nmM1zpPo3Uh4JcGAVSQuWaZNYh2FbbwWhZ5t6hRaynmJaNTBW85d3nEh9zMmzI0HX7X5xqQVdRHeDatKpOGsnA=="
    },
    "node_modules/express-async-handler": {
      "version": "1.2.0",
      "resolved": "https://registry.npmjs.org/express-async-handler/-/express-async-handler-1.2.0.tgz",
      "integrity": "sha512-rCSVtPXRmQSW8rmik/AIb2P0op6l7r1fMW538yyvTMltCO4xQEWMmobfrIxN2V1/mVrgxB8Az3reYF6yUZw37w=="
    }
  }
}
